
Microsoft Visual Studio Solution File, Format Version 12.00
# Visual Studio 2012
Project("{FAE04EC0-301F-11D3-BF4B-00C04F79EFBC}") = "RESTeasy.Demos", "RESTeasy.Demos\RESTeasy.Demos.csproj", "{B8A541D3-E15C-483E-8518-53A49A1069D2}"
EndProject
Project("{FAE04EC0-301F-11D3-BF4B-00C04F79EFBC}") = "RESTeasy.Client.Demos", "RESTeasy.Client.Demos\RESTeasy.Client.Demos.csproj", "{79425CBE-150A-4F7F-A25C-ED1FA60EA204}"
EndProject
Global
	GlobalSection(SolutionConfigurationPlatforms) = preSolution
		Debug|Any CPU = Debug|Any CPU
		Release|Any CPU = Release|Any CPU
	EndGlobalSection
	GlobalSection(ProjectConfigurationPlatforms) = postSolution
		{B8A541D3-E15C-483E-8518-53A49A1069D2}.Debug|Any CPU.ActiveCfg = Debug|Any CPU
		{B8A541D3-E15C-483E-8518-53A49A1069D2}.Debug|Any CPU.Build.0 = Debug|Any CPU
		{B8A541D3-E15C-483E-8518-53A49A1069D2}.Release|Any CPU.ActiveCfg = Release|Any CPU
		{B8A541D3-E15C-483E-8518-53A49A1069D2}.Release|Any CPU.Build.0 = Release|Any CPU
		{79425CBE-150A-4F7F-A25C-ED1FA60EA204}.Debug|Any CPU.ActiveCfg = Debug|Any CPU
		{79425CBE-150A-4F7F-A25C-ED1FA60EA204}.Debug|Any CPU.Build.0 = Debug|Any CPU
		{79425CBE-150A-4F7F-A25C-ED1FA60EA204}.Release|Any CPU.ActiveCfg = Release|Any CPU
		{79425CBE-150A-4F7F-A25C-ED1FA60EA204}.Release|Any CPU.Build.0 = Release|Any CPU
	EndGlobalSection
	GlobalSection(SolutionProperties) = preSolution
		HideSolutionNode = FALSE
	EndGlobalSection
EndGlobal
